
Microsoft Visual Studio Solution File, Format Version 12.00
# Visual Studio Version 16
VisualStudioVersion = 16.0.30011.22
MinimumVisualStudioVersion = 10.0.40219.1
Project("{8BC9CEB8-8B4A-11D0-8D11-00A0C91BC942}") = "Roman Decimal Converter GUI", "RomanDecimalConverterGUI\RomanDecimalConverter.vcxproj", "{FA332919-B999-466F-8B13-9601BA3940B3}"
EndProject
Project("{8BC9CEB8-8B4A-11D0-8D11-00A0C91BC942}") = "Roman Decimal Converter Lib", "RomanDecimalConverterLib\RomanDecimalConverterLib.vcxproj", "{E970A260-24C7-4808-A9E7-67470B75FBC4}"
EndProject
Project("{2150E333-8FDC-42A3-9474-1A3956D46DE8}") = "Solution Items", "Solution Items", "{D30904E7-F0C7-432E-A4E6-D8BB0D74D7A4}"
	ProjectSection(SolutionItems) = preProject
		.editorconfig = .editorconfig
		.gitignore = .gitignore
		Readme.md = Readme.md
	EndProjectSection
EndProject
Project("{2150E333-8FDC-42A3-9474-1A3956D46DE8}") = ".github", ".github", "{E86BD28A-CE62-4D4E-B39E-48472B5F2A26}"
	ProjectSection(SolutionItems) = preProject
		.github\roman-decimal-converter-gui.png = .github\roman-decimal-converter-gui.png
	EndProjectSection
EndProject
Global
	GlobalSection(SolutionConfigurationPlatforms) = preSolution
		Debug|x64 = Debug|x64
		Debug|x86 = Debug|x86
		Release|x64 = Release|x64
		Release|x86 = Release|x86
	EndGlobalSection
	GlobalSection(ProjectConfigurationPlatforms) = postSolution
		{FA332919-B999-466F-8B13-9601BA3940B3}.Debug|x64.ActiveCfg = Debug|x64
		{FA332919-B999-466F-8B13-9601BA3940B3}.Debug|x64.Build.0 = Debug|x64
		{FA332919-B999-466F-8B13-9601BA3940B3}.Debug|x86.ActiveCfg = Debug|x64
		{FA332919-B999-466F-8B13-9601BA3940B3}.Release|x64.ActiveCfg = Release|x64
		{FA332919-B999-466F-8B13-9601BA3940B3}.Release|x64.Build.0 = Release|x64
		{FA332919-B999-466F-8B13-9601BA3940B3}.Release|x86.ActiveCfg = Release|x64
		{E970A260-24C7-4808-A9E7-67470B75FBC4}.Debug|x64.ActiveCfg = Debug|x64
		{E970A260-24C7-4808-A9E7-67470B75FBC4}.Debug|x64.Build.0 = Debug|x64
		{E970A260-24C7-4808-A9E7-67470B75FBC4}.Debug|x86.ActiveCfg = Debug|Win32
		{E970A260-24C7-4808-A9E7-67470B75FBC4}.Debug|x86.Build.0 = Debug|Win32
		{E970A260-24C7-4808-A9E7-67470B75FBC4}.Release|x64.ActiveCfg = Release|x64
		{E970A260-24C7-4808-A9E7-67470B75FBC4}.Release|x64.Build.0 = Release|x64
		{E970A260-24C7-4808-A9E7-67470B75FBC4}.Release|x86.ActiveCfg = Release|Win32
		{E970A260-24C7-4808-A9E7-67470B75FBC4}.Release|x86.Build.0 = Release|Win32
	EndGlobalSection
	GlobalSection(SolutionProperties) = preSolution
		HideSolutionNode = FALSE
	EndGlobalSection
	GlobalSection(NestedProjects) = preSolution
		{E86BD28A-CE62-4D4E-B39E-48472B5F2A26} = {D30904E7-F0C7-432E-A4E6-D8BB0D74D7A4}
	EndGlobalSection
	GlobalSection(ExtensibilityGlobals) = postSolution
		SolutionGuid = {E6F27F77-62DC-49F2-ACF9-537735AACFB4}
	EndGlobalSection
EndGlobal
